
Microsoft Visual Studio Solution File, Format Version 12.00
# Visual Studio 15
VisualStudioVersion = 15.0.28307.438
MinimumVisualStudioVersion = 10.0.40219.1
Project("{FAE04EC0-301F-11D3-BF4B-00C04F79EFBC}") = "Data", "Data\Data.csproj", "{0F4996B2-8D5D-48CA-AF6A-65C472F6AD20}"
EndProject
Project("{FAE04EC0-301F-11D3-BF4B-00C04F79EFBC}") = "Infrastructure", "Infrastructure\Infrastructure.csproj", "{9F7F66A4-9227-4A03-8C6B-669E1BAC058C}"
EndProject
Project("{FAE04EC0-301F-11D3-BF4B-00C04F79EFBC}") = "WebApp", "WebApp\WebApp.csproj", "{BC013040-407E-464D-AEEA-48F31C616352}"
EndProject
Project("{FAE04EC0-301F-11D3-BF4B-00C04F79EFBC}") = "Service", "Service\Service.csproj", "{350F5C72-D3DC-4BFE-8590-D260A3CC8F35}"
EndProject
Global
	GlobalSection(SolutionConfigurationPlatforms) = preSolution
		Debug|Any CPU = Debug|Any CPU
		Release|Any CPU = Release|Any CPU
	EndGlobalSection
	GlobalSection(ProjectConfigurationPlatforms) = postSolution
		{0F4996B2-8D5D-48CA-AF6A-65C472F6AD20}.Debug|Any CPU.ActiveCfg = Debug|Any CPU
		{0F4996B2-8D5D-48CA-AF6A-65C472F6AD20}.Debug|Any CPU.Build.0 = Debug|Any CPU
		{0F4996B2-8D5D-48CA-AF6A-65C472F6AD20}.Release|Any CPU.ActiveCfg = Release|Any CPU
		{0F4996B2-8D5D-48CA-AF6A-65C472F6AD20}.Release|Any CPU.Build.0 = Release|Any CPU
		{9F7F66A4-9227-4A03-8C6B-669E1BAC058C}.Debug|Any CPU.ActiveCfg = Debug|Any CPU
		{9F7F66A4-9227-4A03-8C6B-669E1BAC058C}.Debug|Any CPU.Build.0 = Debug|Any CPU
		{9F7F66A4-9227-4A03-8C6B-669E1BAC058C}.Release|Any CPU.ActiveCfg = Release|Any CPU
		{9F7F66A4-9227-4A03-8C6B-669E1BAC058C}.Release|Any CPU.Build.0 = Release|Any CPU
		{BC013040-407E-464D-AEEA-48F31C616352}.Debug|Any CPU.ActiveCfg = Debug|Any CPU
		{BC013040-407E-464D-AEEA-48F31C616352}.Debug|Any CPU.Build.0 = Debug|Any CPU
		{BC013040-407E-464D-AEEA-48F31C616352}.Release|Any CPU.ActiveCfg = Release|Any CPU
		{BC013040-407E-464D-AEEA-48F31C616352}.Release|Any CPU.Build.0 = Release|Any CPU
		{350F5C72-D3DC-4BFE-8590-D260A3CC8F35}.Debug|Any CPU.ActiveCfg = Debug|Any CPU
		{350F5C72-D3DC-4BFE-8590-D260A3CC8F35}.Debug|Any CPU.Build.0 = Debug|Any CPU
		{350F5C72-D3DC-4BFE-8590-D260A3CC8F35}.Release|Any CPU.ActiveCfg = Release|Any CPU
		{350F5C72-D3DC-4BFE-8590-D260A3CC8F35}.Release|Any CPU.Build.0 = Release|Any CPU
	EndGlobalSection
	GlobalSection(SolutionProperties) = preSolution
		HideSolutionNode = FALSE
	EndGlobalSection
	GlobalSection(ExtensibilityGlobals) = postSolution
		SolutionGuid = {C2832FAF-6657-4617-9497-74135C72A4E1}
	EndGlobalSection
EndGlobal
